
Microsoft Visual Studio Solution File, Format Version 12.00
# Visual Studio Version 17
VisualStudioVersion = 17.0.31903.59
MinimumVisualStudioVersion = 10.0.40219.1
Project("{2150E333-8FDC-42A3-9474-1A3956D46DE8}") = "src", "src", "{EB618093-ABE1-45B9-86E5-2D9C1516CE76}"
EndProject
Project("{FAE04EC0-301F-11D3-BF4B-00C04F79EFBC}") = "Kanban.Core", "src\Kanban.Core\Kanban.Core.csproj", "{1C0EDCC3-6AAA-4E59-BF87-41888ADBC52F}"
EndProject
Project("{2150E333-8FDC-42A3-9474-1A3956D46DE8}") = "tests", "tests", "{49DD6FF6-F582-4AF6-84A2-8C46EB08E149}"
EndProject
Project("{FAE04EC0-301F-11D3-BF4B-00C04F79EFBC}") = "Kanban.Core.Tests", "tests\Kanban.Core.Tests\Kanban.Core.Tests.csproj", "{10E92E75-3077-4D19-BA40-41B7F46CFF3F}"
EndProject
Project("{FAE04EC0-301F-11D3-BF4B-00C04F79EFBC}") = "Kanban.Web", "src\Kanban.Web\Kanban.Web.csproj", "{497B42A9-9B6E-4394-8E29-D645CC582484}"
EndProject
Project("{FAE04EC0-301F-11D3-BF4B-00C04F79EFBC}") = "Kanban.TestSupport", "tests\Kanban.TestSupport\Kanban.TestSupport.csproj", "{E2735B0F-F22D-4053-B32A-38E023259E3D}"
EndProject
Project("{FAE04EC0-301F-11D3-BF4B-00C04F79EFBC}") = "Kanban.Runner", "src\Kanban.Runner\Kanban.Runner.csproj", "{FC6846AD-C1AB-4D67-9DEE-06D34E9A9B7E}"
EndProject
Project("{FAE04EC0-301F-11D3-BF4B-00C04F79EFBC}") = "Kanban.Runner.Tests", "tests\Kanban.Runner.Tests\Kanban.Runner.Tests.csproj", "{D3F9FFB4-AC58-4134-BE3A-8F2D0BD966B6}"
EndProject
Global
	GlobalSection(SolutionConfigurationPlatforms) = preSolution
		Debug|Any CPU = Debug|Any CPU
		Release|Any CPU = Release|Any CPU
	EndGlobalSection
	GlobalSection(SolutionProperties) = preSolution
		HideSolutionNode = FALSE
	EndGlobalSection
	GlobalSection(ProjectConfigurationPlatforms) = postSolution
		{1C0EDCC3-6AAA-4E59-BF87-41888ADBC52F}.Debug|Any CPU.ActiveCfg = Debug|Any CPU
		{1C0EDCC3-6AAA-4E59-BF87-41888ADBC52F}.Debug|Any CPU.Build.0 = Debug|Any CPU
		{1C0EDCC3-6AAA-4E59-BF87-41888ADBC52F}.Release|Any CPU.ActiveCfg = Release|Any CPU
		{1C0EDCC3-6AAA-4E59-BF87-41888ADBC52F}.Release|Any CPU.Build.0 = Release|Any CPU
		{10E92E75-3077-4D19-BA40-41B7F46CFF3F}.Debug|Any CPU.ActiveCfg = Debug|Any CPU
		{10E92E75-3077-4D19-BA40-41B7F46CFF3F}.Debug|Any CPU.Build.0 = Debug|Any CPU
		{10E92E75-3077-4D19-BA40-41B7F46CFF3F}.Release|Any CPU.ActiveCfg = Release|Any CPU
		{10E92E75-3077-4D19-BA40-41B7F46CFF3F}.Release|Any CPU.Build.0 = Release|Any CPU
		{497B42A9-9B6E-4394-8E29-D645CC582484}.Debug|Any CPU.ActiveCfg = Debug|Any CPU
		{497B42A9-9B6E-4394-8E29-D645CC582484}.Debug|Any CPU.Build.0 = Debug|Any CPU
		{497B42A9-9B6E-4394-8E29-D645CC582484}.Release|Any CPU.ActiveCfg = Release|Any CPU
		{497B42A9-9B6E-4394-8E29-D645CC582484}.Release|Any CPU.Build.0 = Release|Any CPU
		{E2735B0F-F22D-4053-B32A-38E023259E3D}.Debug|Any CPU.ActiveCfg = Debug|Any CPU
		{E2735B0F-F22D-4053-B32A-38E023259E3D}.Debug|Any CPU.Build.0 = Debug|Any CPU
		{E2735B0F-F22D-4053-B32A-38E023259E3D}.Release|Any CPU.ActiveCfg = Release|Any CPU
		{E2735B0F-F22D-4053-B32A-38E023259E3D}.Release|Any CPU.Build.0 = Release|Any CPU
		{FC6846AD-C1AB-4D67-9DEE-06D34E9A9B7E}.Debug|Any CPU.ActiveCfg = Debug|Any CPU
		{FC6846AD-C1AB-4D67-9DEE-06D34E9A9B7E}.Debug|Any CPU.Build.0 = Debug|Any CPU
		{FC6846AD-C1AB-4D67-9DEE-06D34E9A9B7E}.Release|Any CPU.ActiveCfg = Release|Any CPU
		{FC6846AD-C1AB-4D67-9DEE-06D34E9A9B7E}.Release|Any CPU.Build.0 = Release|Any CPU
		{D3F9FFB4-AC58-4134-BE3A-8F2D0BD966B6}.Debug|Any CPU.ActiveCfg = Debug|Any CPU
		{D3F9FFB4-AC58-4134-BE3A-8F2D0BD966B6}.Debug|Any CPU.Build.0 = Debug|Any CPU
		{D3F9FFB4-AC58-4134-BE3A-8F2D0BD966B6}.Release|Any CPU.ActiveCfg = Release|Any CPU
		{D3F9FFB4-AC58-4134-BE3A-8F2D0BD966B6}.Release|Any CPU.Build.0 = Release|Any CPU
	EndGlobalSection
	GlobalSection(NestedProjects) = preSolution
		{1C0EDCC3-6AAA-4E59-BF87-41888ADBC52F} = {EB618093-ABE1-45B9-86E5-2D9C1516CE76}
		{10E92E75-3077-4D19-BA40-41B7F46CFF3F} = {49DD6FF6-F582-4AF6-84A2-8C46EB08E149}
		{497B42A9-9B6E-4394-8E29-D645CC582484} = {EB618093-ABE1-45B9-86E5-2D9C1516CE76}
		{E2735B0F-F22D-4053-B32A-38E023259E3D} = {49DD6FF6-F582-4AF6-84A2-8C46EB08E149}
		{FC6846AD-C1AB-4D67-9DEE-06D34E9A9B7E} = {EB618093-ABE1-45B9-86E5-2D9C1516CE76}
		{D3F9FFB4-AC58-4134-BE3A-8F2D0BD966B6} = {49DD6FF6-F582-4AF6-84A2-8C46EB08E149}
	EndGlobalSection
EndGlobal
